// !$*UTF8*$!
{
	archiveVersion = 1;
	classes = {
	};
	objectVersion = 56;
	objects = {

/* Begin PBXBuildFile section */
		CA78BB8329F2DA20002DB86D /* RApp.swift in Sources */ = {isa = PBXBuildFile; fileRef = CA78BB8229F2DA20002DB86D /* RApp.swift */; };
		CA78BB8529F2DA20002DB86D /* ContentView.swift in Sources */ = {isa = PBXBuildFile; fileRef = CA78BB8429F2DA20002DB86D /* ContentView.swift */; };
		CA78BB8729F2DA24002DB86D /* Assets.xcassets in Resources */ = {isa = PBXBuildFile; fileRef = CA78BB8629F2DA24002DB86D /* Assets.xcassets */; };
		CA78BB8A29F2DA24002DB86D /* Preview Assets.xcassets in Resources */ = {isa = PBXBuildFile; fileRef = CA78BB8929F2DA24002DB86D /* Preview Assets.xcassets */; };
		CA78BB9429F2DA24002DB86D /* RTests.swift in Sources */ = {isa = PBXBuildFile; fileRef = CA78BB9329F2DA24002DB86D /* RTests.swift */; };
		CA78BB9E29F2DA24002DB86D /* RUITests.swift in Sources */ = {isa = PBXBuildFile; fileRef = CA78BB9D29F2DA24002DB86D /* RUITests.swift */; };
		CA78BBA029F2DA24002DB86D /* RUITestsLaunchTests.swift in Sources */ = {isa = PBXBuildFile; fileRef = CA78BB9F29F2DA24002DB86D /* RUITestsLaunchTests.swift */; };
/* End PBXBuildFile section */

/* Begin PBXContainerItemProxy section */
		CA78BB9029F2DA24002DB86D /* PBXContainerItemProxy */ = {
			isa = PBXContainerItemProxy;
			containerPortal = CA78BB7729F2DA20002DB86D /* Project object */;
			proxyType = 1;
			remoteGlobalIDString = CA78BB7E29F2DA20002DB86D;
			remoteInfo = R;
		};
		CA78BB9A29F2DA24002DB86D /* PBXContainerItemProxy */ = {
			isa = PBXContainerItemProxy;
			containerPortal = CA78BB7729F2DA20002DB86D /* Project object */;
			proxyType = 1;
			remoteGlobalIDString = CA78BB7E29F2DA20002DB86D;
			remoteInfo = R;
		};
/* End PBXContainerItemProxy section */

/* Begin PBXFileReference section */
		CA78BB7F29F2DA20002DB86D /* R.app */ = {isa = PBXFileReference; explicitFileType = wrapper.application; includeInIndex = 0; path = R.app; sourceTree = BUILT_PRODUCTS_DIR; };
		CA78BB8229F2DA20002DB86D /* RApp.swift */ = {isa = PBXFileReference; lastKnownFileType = sourcecode.swift; path = RApp.swift; sourceTree = "<group>"; };
		CA78BB8429F2DA20002DB86D /* ContentView.swift */ = {isa = PBXFileReference; lastKnownFileType = sourcecode.swift; path = ContentView.swift; sourceTree = "<group>"; };
		CA78BB8629F2DA24002DB86D /* Assets.xcassets */ = {isa = PBXFileReference; lastKnownFileType = folder.assetcatalog; path = Assets.xcassets; sourceTree = "<group>"; };
		CA78BB8929F2DA24002DB86D /* Preview Assets.xcassets */ = {isa = PBXFileReference; lastKnownFileType = folder.assetcatalog; path = "Preview Assets.xcassets"; sourceTree = "<group>"; };
		CA78BB8F29F2DA24002DB86D /* RTests.xctest */ = {isa = PBXFileReference; explicitFileType = wrapper.cfbundle; includeInIndex = 0; path = RTests.xctest; sourceTree = BUILT_PRODUCTS_DIR; };
		CA78BB9329F2DA24002DB86D /* RTests.swift */ = {isa = PBXFileReference; lastKnownFileType = sourcecode.swift; path = RTests.swift; sourceTree = "<group>"; };
		CA78BB9929F2DA24002DB86D /* RUITests.xctest */ = {isa = PBXFileReference; explicitFileType = wrapper.cfbundle; includeInIndex = 0; path = RUITests.xctest; sourceTree = BUILT_PRODUCTS_DIR; };
		CA78BB9D29F2DA24002DB86D /* RUITests.swift */ = {isa = PBXFileReference; lastKnownFileType = sourcecode.swift; path = RUITests.swift; sourceTree = "<group>"; };
		CA78BB9F29F2DA24002DB86D /* RUITestsLaunchTests.swift */ = {isa = PBXFileReference; lastKnownFileType = sourcecode.swift; path = RUITestsLaunchTests.swift; sourceTree = "<group>"; };
/* End PBXFileReference section */

/* Begin PBXFrameworksBuildPhase section */
		CA78BB7C29F2DA20002DB86D /* Frameworks */ = {
			isa = PBXFrameworksBuildPhase;
			buildActionMask = 2147483647;
			files = (
			);
			runOnlyForDeploymentPostprocessing = 0;
		};
		CA78BB8C29F2DA24002DB86D /* Frameworks */ = {
			isa = PBXFrameworksBuildPhase;
			buildActionMask = 2147483647;
			files = (
			);
			runOnlyForDeploymentPostprocessing = 0;
		};
		CA78BB9629F2DA24002DB86D /* Frameworks */ = {
			isa = PBXFrameworksBuildPhase;
			buildActionMask = 2147483647;
			files = (
			);
			runOnlyForDeploymentPostprocessing = 0;
		};
/* End PBXFrameworksBuildPhase section */

/* Begin PBXGroup section */
		CA78BB7629F2DA20002DB86D = {
			isa = PBXGroup;
			children = (
				CA78BB8129F2DA20002DB86D /* R */,
				CA78BB9229F2DA24002DB86D /* RTests */,
				CA78BB9C29F2DA24002DB86D /* RUITests */,
				CA78BB8029F2DA20002DB86D /* Products */,
			);
			sourceTree = "<group>";
		};
		CA78BB8029F2DA20002DB86D /* Products */ = {
			isa = PBXGroup;
			children = (
				CA78BB7F29F2DA20002DB86D /* R.app */,
				CA78BB8F29F2DA24002DB86D /* RTests.xctest */,
				CA78BB9929F2DA24002DB86D /* RUITests.xctest */,
			);
			name = Products;
			sourceTree = "<group>";
		};
		CA78BB8129F2DA20002DB86D /* R */ = {
			isa = PBXGroup;
			children = (
				CA78BB8229F2DA20002DB86D /* RApp.swift */,
				CA78BB8429F2DA20002DB86D /* ContentView.swift */,
				CA78BB8629F2DA24002DB86D /* Assets.xcassets */,
				CA78BB8829F2DA24002DB86D /* Preview Content */,
			);
			path = R;
			sourceTree = "<group>";
		};
		CA78BB8829F2DA24002DB86D /* Preview Content */ = {
			isa = PBXGroup;
			children = (
				CA78BB8929F2DA24002DB86D /* Preview Assets.xcassets */,
			);
			path = "Preview Content";
			sourceTree = "<group>";
		};
		CA78BB9229F2DA24002DB86D /* RTests */ = {
			isa = PBXGroup;
			children = (
				CA78BB9329F2DA24002DB86D /* RTests.swift */,
			);
			path = RTests;
			sourceTree = "<group>";
		};
		CA78BB9C29F2DA24002DB86D /* RUITests */ = {
			isa = PBXGroup;
			children = (
				CA78BB9D29F2DA24002DB86D /* RUITests.swift */,
				CA78BB9F29F2DA24002DB86D /* RUITestsLaunchTests.swift */,
			);
			path = RUITests;
			sourceTree = "<group>";
		};
/* End PBXGroup section */

/* Begin PBXNativeTarget section */
		CA78BB7E29F2DA20002DB86D /* R */ = {
			isa = PBXNativeTarget;
			buildConfigurationList = CA78BBA329F2DA24002DB86D /* Build configuration list for PBXNativeTarget "R" */;
			buildPhases = (
				CA78BB7B29F2DA20002DB86D /* Sources */,
				CA78BB7C29F2DA20002DB86D /* Frameworks */,
				CA78BB7D29F2DA20002DB86D /* Resources */,
			);
			buildRules = (
			);
			dependencies = (
			);
			name = R;
			productName = R;
			productReference = CA78BB7F29F2DA20002DB86D /* R.app */;
			productType = "com.apple.product-type.application";
		};
		CA78BB8E29F2DA24002DB86D /* RTests */ = {
			isa = PBXNativeTarget;
			buildConfigurationList = CA78BBA629F2DA24002DB86D /* Build configuration list for PBXNativeTarget "RTests" */;
			buildPhases = (
				CA78BB8B29F2DA24002DB86D /* Sources */,
				CA78BB8C29F2DA24002DB86D /* Frameworks */,
				CA78BB8D29F2DA24002DB86D /* Resources */,
			);
			buildRules = (
			);
			dependencies = (
				CA78BB9129F2DA24002DB86D /* PBXTargetDependency */,
			);
			name = RTests;
			productName = RTests;
			productReference = CA78BB8F29F2DA24002DB86D /* RTests.xctest */;
			productType = "com.apple.product-type.bundle.unit-test";
		};
		CA78BB9829F2DA24002DB86D /* RUITests */ = {
			isa = PBXNativeTarget;
			buildConfigurationList = CA78BBA929F2DA24002DB86D /* Build configuration list for PBXNativeTarget "RUITests" */;
			buildPhases = (
				CA78BB9529F2DA24002DB86D /* Sources */,
				CA78BB9629F2DA24002DB86D /* Frameworks */,
				CA78BB9729F2DA24002DB86D /* Resources */,
			);
			buildRules = (
			);
			dependencies = (
				CA78BB9B29F2DA24002DB86D /* PBXTargetDependency */,
			);
			name = RUITests;
			productName = RUITests;
			productReference = CA78BB9929F2DA24002DB86D /* RUITests.xctest */;
			productType = "com.apple.product-type.bundle.ui-testing";
		};
/* End PBXNativeTarget section */

/* Begin PBXProject section */
		CA78BB7729F2DA20002DB86D /* Project object */ = {
			isa = PBXProject;
			attributes = {
				BuildIndependentTargetsInParallel = 1;
				LastSwiftUpdateCheck = 1430;
				LastUpgradeCheck = 1430;
				TargetAttributes = {
					CA78BB7E29F2DA20002DB86D = {
						CreatedOnToolsVersion = 14.3;
					};
					CA78BB8E29F2DA24002DB86D = {
						CreatedOnToolsVersion = 14.3;
						TestTargetID = CA78BB7E29F2DA20002DB86D;
					};
					CA78BB9829F2DA24002DB86D = {
						CreatedOnToolsVersion = 14.3;
						TestTargetID = CA78BB7E29F2DA20002DB86D;
					};
				};
			};
			buildConfigurationList = CA78BB7A29F2DA20002DB86D /* Build configuration list for PBXProject "R" */;
			compatibilityVersion = "Xcode 14.0";
			developmentRegion = en;
			hasScannedForEncodings = 0;
			knownRegions = (
				en,
				Base,
			);
			mainGroup = CA78BB7629F2DA20002DB86D;
			productRefGroup = CA78BB8029F2DA20002DB86D /* Products */;
			projectDirPath = "";
			projectRoot = "";
			targets = (
				CA78BB7E29F2DA20002DB86D /* R */,
				CA78BB8E29F2DA24002DB86D /* RTests */,
				CA78BB9829F2DA24002DB86D /* RUITests */,
			);
		};
/* End PBXProject section */

/* Begin PBXResourcesBuildPhase section */
		CA78BB7D29F2DA20002DB86D /* Resources */ = {
			isa = PBXResourcesBuildPhase;
			buildActionMask = 2147483647;
			files = (
				CA78BB8A29F2DA24002DB86D /* Preview Assets.xcassets in Resources */,
				CA78BB8729F2DA24002DB86D /* Assets.xcassets in Resources */,
			);
			runOnlyForDeploymentPostprocessing = 0;
		};
		CA78BB8D29F2DA24002DB86D /* Resources */ = {
			isa = PBXResourcesBuildPhase;
			buildActionMask = 2147483647;
			files = (
			);
			runOnlyForDeploymentPostprocessing = 0;
		};
		CA78BB9729F2DA24002DB86D /* Resources */ = {
			isa = PBXResourcesBuildPhase;
			buildActionMask = 2147483647;
			files = (
			);
			runOnlyForDeploymentPostprocessing = 0;
		};
/* End PBXResourcesBuildPhase section */

/* Begin PBXSourcesBuildPhase section */
		CA78BB7B29F2DA20002DB86D /* Sources */ = {
			isa = PBXSourcesBuildPhase;
			buildActionMask = 2147483647;
			files = (
				CA78BB8529F2DA20002DB86D /* ContentView.swift in Sources */,
				CA78BB8329F2DA20002DB86D /* RApp.swift in Sources */,
			);
			runOnlyForDeploymentPostprocessing = 0;
		};
		CA78BB8B29F2DA24002DB86D /* Sources */ = {
			isa = PBXSourcesBuildPhase;
			buildActionMask = 2147483647;
			files = (
				CA78BB9429F2DA24002DB86D /* RTests.swift in Sources */,
			);
			runOnlyForDeploymentPostprocessing = 0;
		};
		CA78BB9529F2DA24002DB86D /* Sources */ = {
			isa = PBXSourcesBuildPhase;
			buildActionMask = 2147483647;
			files = (
				CA78BB9E29F2DA24002DB86D /* RUITests.swift in Sources */,
				CA78BBA029F2DA24002DB86D /* RUITestsLaunchTests.swift in Sources */,
			);
			runOnlyForDeploymentPostprocessing = 0;
		};
/* End PBXSourcesBuildPhase section */

/* Begin PBXTargetDependency section */
		CA78BB9129F2DA24002DB86D /* PBXTargetDependency */ = {
			isa = PBXTargetDependency;
			target = CA78BB7E29F2DA20002DB86D /* R */;
			targetProxy = CA78BB9029F2DA24002DB86D /* PBXContainerItemProxy */;
		};
		CA78BB9B29F2DA24002DB86D /* PBXTargetDependency */ = {
			isa = PBXTargetDependency;
			target = CA78BB7E29F2DA20002DB86D /* R */;
			targetProxy = CA78BB9A29F2DA24002DB86D /* PBXContainerItemProxy */;
		};
/* End PBXTargetDependency section */

/* Begin XCBuildConfiguration section */
		CA78BBA129F2DA24002DB86D /* Debug */ = {
			isa = XCBuildConfiguration;
			buildSettings = {
				ALWAYS_SEARCH_USER_PATHS = NO;
				CLANG_ANALYZER_NONNULL = YES;
				CLANG_ANALYZER_NUMBER_OBJECT_CONVERSION = YES_AGGRESSIVE;
				CLANG_CXX_LANGUAGE_STANDARD = "gnu++20";
				CLANG_ENABLE_MODULES = YES;
				CLANG_ENABLE_OBJC_ARC = YES;
				CLANG_ENABLE_OBJC_WEAK = YES;
				CLANG_WARN_BLOCK_CAPTURE_AUTORELEASING = YES;
				CLANG_WARN_BOOL_CONVERSION = YES;
				CLANG_WARN_COMMA = YES;
				CLANG_WARN_CONSTANT_CONVERSION = YES;
				CLANG_WARN_DEPRECATED_OBJC_IMPLEMENTATIONS = YES;
				CLANG_WARN_DIRECT_OBJC_ISA_USAGE = YES_ERROR;
				CLANG_WARN_DOCUMENTATION_COMMENTS = YES;
				CLANG_WARN_EMPTY_BODY = YES;
				CLANG_WARN_ENUM_CONVERSION = YES;
				CLANG_WARN_INFINITE_RECURSION = YES;
				CLANG_WARN_INT_CONVERSION = YES;
				CLANG_WARN_NON_LITERAL_NULL_CONVERSION = YES;
				CLANG_WARN_OBJC_IMPLICIT_RETAIN_SELF = YES;
				CLANG_WARN_OBJC_LITERAL_CONVERSION = YES;
				CLANG_WARN_OBJC_ROOT_CLASS = YES_ERROR;
				CLANG_WARN_QUOTED_INCLUDE_IN_FRAMEWORK_HEADER = YES;
				CLANG_WARN_RANGE_LOOP_ANALYSIS = YES;
				CLANG_WARN_STRICT_PROTOTYPES = YES;
				CLANG_WARN_SUSPICIOUS_MOVE = YES;
				CLANG_WARN_UNGUARDED_AVAILABILITY = YES_AGGRESSIVE;
				CLANG_WARN_UNREACHABLE_CODE = YES;
				CLANG_WARN__DUPLICATE_METHOD_MATCH = YES;
				COPY_PHASE_STRIP = NO;
				DEBUG_INFORMATION_FORMAT = dwarf;
				ENABLE_STRICT_OBJC_MSGSEND = YES;
				ENABLE_TESTABILITY = YES;
				GCC_C_LANGUAGE_STANDARD = gnu11;
				GCC_DYNAMIC_NO_PIC = NO;
				GCC_NO_COMMON_BLOCKS = YES;
				GCC_OPTIMIZATION_LEVEL = 0;
				GCC_PREPROCESSOR_DEFINITIONS = (
					"DEBUG=1",
					"$(inherited)",
				);
				GCC_WARN_64_TO_32_BIT_CONVERSION = YES;
				GCC_WARN_ABOUT_RETURN_TYPE = YES_ERROR;
				GCC_WARN_UNDECLARED_SELECTOR = YES;
				GCC_WARN_UNINITIALIZED_AUTOS = YES_AGGRESSIVE;
				GCC_WARN_UNUSED_FUNCTION = YES;
				GCC_WARN_UNUSED_VARIABLE = YES;
				IPHONEOS_DEPLOYMENT_TARGET = 16.4;
				MTL_ENABLE_DEBUG_INFO = INCLUDE_SOURCE;
				MTL_FAST_MATH = YES;
				ONLY_ACTIVE_ARCH = YES;
				SDKROOT = iphoneos;
				SWIFT_ACTIVE_COMPILATION_CONDITIONS = DEBUG;
				SWIFT_OPTIMIZATION_LEVEL = "-Onone";
			};
			name = Debug;
		};
		CA78BBA229F2DA24002DB86D /* Release */ = {
			isa = XCBuildConfiguration;
			buildSettings = {
				ALWAYS_SEARCH_USER_PATHS = NO;
				CLANG_ANALYZER_NONNULL = YES;
				CLANG_ANALYZER_NUMBER_OBJECT_CONVERSION = YES_AGGRESSIVE;
				CLANG_CXX_LANGUAGE_STANDARD = "gnu++20";
				CLANG_ENABLE_MODULES = YES;
				CLANG_ENABLE_OBJC_ARC = YES;
				CLANG_ENABLE_OBJC_WEAK = YES;
				CLANG_WARN_BLOCK_CAPTURE_AUTORELEASING = YES;
				CLANG_WARN_BOOL_CONVERSION = YES;
				CLANG_WARN_COMMA = YES;
				CLANG_WARN_CONSTANT_CONVERSION = YES;
				CLANG_WARN_DEPRECATED_OBJC_IMPLEMENTATIONS = YES;
				CLANG_WARN_DIRECT_OBJC_ISA_USAGE = YES_ERROR;
				CLANG_WARN_DOCUMENTATION_COMMENTS = YES;
				CLANG_WARN_EMPTY_BODY = YES;
				CLANG_WARN_ENUM_CONVERSION = YES;
				CLANG_WARN_INFINITE_RECURSION = YES;
				CLANG_WARN_INT_CONVERSION = YES;
				CLANG_WARN_NON_LITERAL_NULL_CONVERSION = YES;
				CLANG_WARN_OBJC_IMPLICIT_RETAIN_SELF = YES;
				CLANG_WARN_OBJC_LITERAL_CONVERSION = YES;
				CLANG_WARN_OBJC_ROOT_CLASS = YES_ERROR;
				CLANG_WARN_QUOTED_INCLUDE_IN_FRAMEWORK_HEADER = YES;
				CLANG_WARN_RANGE_LOOP_ANALYSIS = YES;
				CLANG_WARN_STRICT_PROTOTYPES = YES;
				CLANG_WARN_SUSPICIOUS_MOVE = YES;
				CLANG_WARN_UNGUARDED_AVAILABILITY = YES_AGGRESSIVE;
				CLANG_WARN_UNREACHABLE_CODE = YES;
				CLANG_WARN__DUPLICATE_METHOD_MATCH = YES;
				COPY_PHASE_STRIP = NO;
				DEBUG_INFORMATION_FORMAT = "dwarf-with-dsym";
				ENABLE_NS_ASSERTIONS = NO;
				ENABLE_STRICT_OBJC_MSGSEND = YES;
				GCC_C_LANGUAGE_STANDARD = gnu11;
				GCC_NO_COMMON_BLOCKS = YES;
				GCC_WARN_64_TO_32_BIT_CONVERSION = YES;
				GCC_WARN_ABOUT_RETURN_TYPE = YES_ERROR;
				GCC_WARN_UNDECLARED_SELECTOR = YES;
				GCC_WARN_UNINITIALIZED_AUTOS = YES_AGGRESSIVE;
				GCC_WARN_UNUSED_FUNCTION = YES;
				GCC_WARN_UNUSED_VARIABLE = YES;
				IPHONEOS_DEPLOYMENT_TARGET = 16.4;
				MTL_ENABLE_DEBUG_INFO = NO;
				MTL_FAST_MATH = YES;
				SDKROOT = iphoneos;
				SWIFT_COMPILATION_MODE = wholemodule;
				SWIFT_OPTIMIZATION_LEVEL = "-O";
				VALIDATE_PRODUCT = YES;
			};
			name = Release;
		};
		CA78BBA429F2DA24002DB86D /* Debug */ = {
			isa = XCBuildConfiguration;
			buildSettings = {
				ASSETCATALOG_COMPILER_APPICON_NAME = AppIcon;
				ASSETCATALOG_COMPILER_GLOBAL_ACCENT_COLOR_NAME = AccentColor;
				CODE_SIGN_STYLE = Automatic;
				CURRENT_PROJECT_VERSION = 1;
				DEVELOPMENT_ASSET_PATHS = "\"R/Preview Content\"";
				ENABLE_PREVIEWS = YES;
				GENERATE_INFOPLIST_FILE = YES;
				INFOPLIST_KEY_UIApplicationSceneManifest_Generation = YES;
				INFOPLIST_KEY_UIApplicationSupportsIndirectInputEvents = YES;
				INFOPLIST_KEY_UILaunchScreen_Generation = YES;
				INFOPLIST_KEY_UISupportedInterfaceOrientations_iPad = "UIInterfaceOrientationPortrait UIInterfaceOrientationPortraitUpsideDown UIInterfaceOrientationLandscapeLeft UIInterfaceOrientationLandscapeRight";
				INFOPLIST_KEY_UISupportedInterfaceOrientations_iPhone = "UIInterfaceOrientationPortrait UIInterfaceOrientationLandscapeLeft UIInterfaceOrientationLandscapeRight";
				LD_RUNPATH_SEARCH_PATHS = (
					"$(inherited)",
					"@executable_path/Frameworks",
				);
				MARKETING_VERSION = 1.0;
				PRODUCT_BUNDLE_IDENTIFIER = r.R;
				PRODUCT_NAME = "$(TARGET_NAME)";
				SWIFT_EMIT_LOC_STRINGS = YES;
				SWIFT_VERSION = 5.0;
				TARGETED_DEVICE_FAMILY = "1,2";
			};
			name = Debug;
		};
		CA78BBA529F2DA24002DB86D /* Release */ = {
			isa = XCBuildConfiguration;
			buildSettings = {
				ASSETCATALOG_COMPILER_APPICON_NAME = AppIcon;
				ASSETCATALOG_COMPILER_GLOBAL_ACCENT_COLOR_NAME = AccentColor;
				CODE_SIGN_STYLE = Automatic;
				CURRENT_PROJECT_VERSION = 1;
				DEVELOPMENT_ASSET_PATHS = "\"R/Preview Content\"";
				ENABLE_PREVIEWS = YES;
				GENERATE_INFOPLIST_FILE = YES;
				INFOPLIST_KEY_UIApplicationSceneManifest_Generation = YES;
				INFOPLIST_KEY_UIApplicationSupportsIndirectInputEvents = YES;
				INFOPLIST_KEY_UILaunchScreen_Generation = YES;
				INFOPLIST_KEY_UISupportedInterfaceOrientations_iPad = "UIInterfaceOrientationPortrait UIInterfaceOrientationPortraitUpsideDown UIInterfaceOrientationLandscapeLeft UIInterfaceOrientationLandscapeRight";
				INFOPLIST_KEY_UISupportedInterfaceOrientations_iPhone = "UIInterfaceOrientationPortrait UIInterfaceOrientationLandscapeLeft UIInterfaceOrientationLandscapeRight";
				LD_RUNPATH_SEARCH_PATHS = (
					"$(inherited)",
					"@executable_path/Frameworks",
				);
				MARKETING_VERSION = 1.0;
				PRODUCT_BUNDLE_IDENTIFIER = r.R;
				PRODUCT_NAME = "$(TARGET_NAME)";
				SWIFT_EMIT_LOC_STRINGS = YES;
				SWIFT_VERSION = 5.0;
				TARGETED_DEVICE_FAMILY = "1,2";
			};
			name = Release;
		};
		CA78BBA729F2DA24002DB86D /* Debug */ = {
			isa = XCBuildConfiguration;
			buildSettings = {
				ALWAYS_EMBED_SWIFT_STANDARD_LIBRARIES = YES;
				BUNDLE_LOADER = "$(TEST_HOST)";
				CODE_SIGN_STYLE = Automatic;
				CURRENT_PROJECT_VERSION = 1;
				GENERATE_INFOPLIST_FILE = YES;
				IPHONEOS_DEPLOYMENT_TARGET = 16.4;
				MARKETING_VERSION = 1.0;
				PRODUCT_BUNDLE_IDENTIFIER = r.RTests;
				PRODUCT_NAME = "$(TARGET_NAME)";
				SWIFT_EMIT_LOC_STRINGS = NO;
				SWIFT_VERSION = 5.0;
				TARGETED_DEVICE_FAMILY = "1,2";
				TEST_HOST = "$(BUILT_PRODUCTS_DIR)/R.app/$(BUNDLE_EXECUTABLE_FOLDER_PATH)/R";
			};
			name = Debug;
		};
		CA78BBA829F2DA24002DB86D /* Release */ = {
			isa = XCBuildConfiguration;
			buildSettings = {
				ALWAYS_EMBED_SWIFT_STANDARD_LIBRARIES = YES;
				BUNDLE_LOADER = "$(TEST_HOST)";
				CODE_SIGN_STYLE = Automatic;
				CURRENT_PROJECT_VERSION = 1;
				GENERATE_INFOPLIST_FILE = YES;
				IPHONEOS_DEPLOYMENT_TARGET = 16.4;
				MARKETING_VERSION = 1.0;
				PRODUCT_BUNDLE_IDENTIFIER = r.RTests;
				PRODUCT_NAME = "$(TARGET_NAME)";
				SWIFT_EMIT_LOC_STRINGS = NO;
				SWIFT_VERSION = 5.0;
				TARGETED_DEVICE_FAMILY = "1,2";
				TEST_HOST = "$(BUILT_PRODUCTS_DIR)/R.app/$(BUNDLE_EXECUTABLE_FOLDER_PATH)/R";
			};
			name = Release;
		};
		CA78BBAA29F2DA24002DB86D /* Debug */ = {
			isa = XCBuildConfiguration;
			buildSettings = {
				ALWAYS_EMBED_SWIFT_STANDARD_LIBRARIES = YES;
				CODE_SIGN_STYLE = Automatic;
				CURRENT_PROJECT_VERSION = 1;
				GENERATE_INFOPLIST_FILE = YES;
				MARKETING_VERSION = 1.0;
				PRODUCT_BUNDLE_IDENTIFIER = r.RUITests;
				PRODUCT_NAME = "$(TARGET_NAME)";
				SWIFT_EMIT_LOC_STRINGS = NO;
				SWIFT_VERSION = 5.0;
				TARGETED_DEVICE_FAMILY = "1,2";
				TEST_TARGET_NAME = R;
			};
			name = Debug;
		};
		CA78BBAB29F2DA24002DB86D /* Release */ = {
			isa = XCBuildConfiguration;
			buildSettings = {
				ALWAYS_EMBED_SWIFT_STANDARD_LIBRARIES = YES;
				CODE_SIGN_STYLE = Automatic;
				CURRENT_PROJECT_VERSION = 1;
				GENERATE_INFOPLIST_FILE = YES;
				MARKETING_VERSION = 1.0;
				PRODUCT_BUNDLE_IDENTIFIER = r.RUITests;
				PRODUCT_NAME = "$(TARGET_NAME)";
				SWIFT_EMIT_LOC_STRINGS = NO;
				SWIFT_VERSION = 5.0;
				TARGETED_DEVICE_FAMILY = "1,2";
				TEST_TARGET_NAME = R;
			};
			name = Release;
		};
/* End XCBuildConfiguration section */

/* Begin XCConfigurationList section */
		CA78BB7A29F2DA20002DB86D /* Build configuration list for PBXProject "R" */ = {
			isa = XCConfigurationList;
			buildConfigurations = (
				CA78BBA129F2DA24002DB86D /* Debug */,
				CA78BBA229F2DA24002DB86D /* Release */,
			);
			defaultConfigurationIsVisible = 0;
			defaultConfigurationName = Release;
		};
		CA78BBA329F2DA24002DB86D /* Build configuration list for PBXNativeTarget "R" */ = {
			isa = XCConfigurationList;
			buildConfigurations = (
				CA78BBA429F2DA24002DB86D /* Debug */,
				CA78BBA529F2DA24002DB86D /* Release */,
			);
			defaultConfigurationIsVisible = 0;
			defaultConfigurationName = Release;
		};
		CA78BBA629F2DA24002DB86D /* Build configuration list for PBXNativeTarget "RTests" */ = {
			isa = XCConfigurationList;
			buildConfigurations = (
				CA78BBA729F2DA24002DB86D /* Debug */,
				CA78BBA829F2DA24002DB86D /* Release */,
			);
			defaultConfigurationIsVisible = 0;
			defaultConfigurationName = Release;
		};
		CA78BBA929F2DA24002DB86D /* Build configuration list for PBXNativeTarget "RUITests" */ = {
			isa = XCConfigurationList;
			buildConfigurations = (
				CA78BBAA29F2DA24002DB86D /* Debug */,
				CA78BBAB29F2DA24002DB86D /* Release */,
			);
			defaultConfigurationIsVisible = 0;
			defaultConfigurationName = Release;
		};
/* End XCConfigurationList section */
	};
	rootObject = CA78BB7729F2DA20002DB86D /* Project object */;
}
